
Microsoft Visual Studio Solution File, Format Version 12.00
# Visual Studio Version 18
VisualStudioVersion = 18.1.11312.151
MinimumVisualStudioVersion = 10.0.40219.1
Project("{FAE04EC0-301F-11D3-BF4B-00C04F79EFBC}") = "WibuHub.MVC.Admin", "WibuHub\WibuHub.MVC.Admin.csproj", "{01B94497-4851-424F-AA9E-71B51637CFF0}"
EndProject
Project("{FAE04EC0-301F-11D3-BF4B-00C04F79EFBC}") = "WibuHub.DataLayer", "WibuHub.DataLayer\WibuHub.DataLayer.csproj", "{00B1BC8E-1371-4137-A3EB-B3343BDD9046}"
EndProject
Project("{FAE04EC0-301F-11D3-BF4B-00C04F79EFBC}") = "WibuHub.ApplicationCore", "WibuHub.ApplicationCore\WibuHub.ApplicationCore.csproj", "{EF1B48BC-6757-4D51-BE3F-159C89927372}"
EndProject
Project("{FAE04EC0-301F-11D3-BF4B-00C04F79EFBC}") = "WibuHub.Common", "WibuHub.Common\WibuHub.Common.csproj", "{97ACC45E-5929-410F-92A5-FD484396A9AD}"
EndProject
Project("{FAE04EC0-301F-11D3-BF4B-00C04F79EFBC}") = "WibuHub.Service", "WibuHub.Service\WibuHub.Service.csproj", "{2DBB21E1-B580-45A3-A038-1FC72A182AC4}"
EndProject
Project("{FAE04EC0-301F-11D3-BF4B-00C04F79EFBC}") = "WibuHub.MVC.Customer", "WibuHub.MVC.Customer\WibuHub.MVC.Customer.csproj", "{C3F1D0BB-B83D-4AAE-AD71-3F3EA9C2FF8D}"
EndProject
Global
	GlobalSection(SolutionConfigurationPlatforms) = preSolution
		Debug|Any CPU = Debug|Any CPU
		Release|Any CPU = Release|Any CPU
	EndGlobalSection
	GlobalSection(ProjectConfigurationPlatforms) = postSolution
		{01B94497-4851-424F-AA9E-71B51637CFF0}.Debug|Any CPU.ActiveCfg = Debug|Any CPU
		{01B94497-4851-424F-AA9E-71B51637CFF0}.Debug|Any CPU.Build.0 = Debug|Any CPU
		{01B94497-4851-424F-AA9E-71B51637CFF0}.Release|Any CPU.ActiveCfg = Release|Any CPU
		{01B94497-4851-424F-AA9E-71B51637CFF0}.Release|Any CPU.Build.0 = Release|Any CPU
		{00B1BC8E-1371-4137-A3EB-B3343BDD9046}.Debug|Any CPU.ActiveCfg = Debug|Any CPU
		{00B1BC8E-1371-4137-A3EB-B3343BDD9046}.Debug|Any CPU.Build.0 = Debug|Any CPU
		{00B1BC8E-1371-4137-A3EB-B3343BDD9046}.Release|Any CPU.ActiveCfg = Release|Any CPU
		{00B1BC8E-1371-4137-A3EB-B3343BDD9046}.Release|Any CPU.Build.0 = Release|Any CPU
		{EF1B48BC-6757-4D51-BE3F-159C89927372}.Debug|Any CPU.ActiveCfg = Debug|Any CPU
		{EF1B48BC-6757-4D51-BE3F-159C89927372}.Debug|Any CPU.Build.0 = Debug|Any CPU
		{EF1B48BC-6757-4D51-BE3F-159C89927372}.Release|Any CPU.ActiveCfg = Release|Any CPU
		{EF1B48BC-6757-4D51-BE3F-159C89927372}.Release|Any CPU.Build.0 = Release|Any CPU
		{97ACC45E-5929-410F-92A5-FD484396A9AD}.Debug|Any CPU.ActiveCfg = Debug|Any CPU
		{97ACC45E-5929-410F-92A5-FD484396A9AD}.Debug|Any CPU.Build.0 = Debug|Any CPU
		{97ACC45E-5929-410F-92A5-FD484396A9AD}.Release|Any CPU.ActiveCfg = Release|Any CPU
		{97ACC45E-5929-410F-92A5-FD484396A9AD}.Release|Any CPU.Build.0 = Release|Any CPU
		{2DBB21E1-B580-45A3-A038-1FC72A182AC4}.Debug|Any CPU.ActiveCfg = Debug|Any CPU
		{2DBB21E1-B580-45A3-A038-1FC72A182AC4}.Debug|Any CPU.Build.0 = Debug|Any CPU
		{2DBB21E1-B580-45A3-A038-1FC72A182AC4}.Release|Any CPU.ActiveCfg = Release|Any CPU
		{2DBB21E1-B580-45A3-A038-1FC72A182AC4}.Release|Any CPU.Build.0 = Release|Any CPU
		{C3F1D0BB-B83D-4AAE-AD71-3F3EA9C2FF8D}.Debug|Any CPU.ActiveCfg = Debug|Any CPU
		{C3F1D0BB-B83D-4AAE-AD71-3F3EA9C2FF8D}.Debug|Any CPU.Build.0 = Debug|Any CPU
		{C3F1D0BB-B83D-4AAE-AD71-3F3EA9C2FF8D}.Release|Any CPU.ActiveCfg = Release|Any CPU
		{C3F1D0BB-B83D-4AAE-AD71-3F3EA9C2FF8D}.Release|Any CPU.Build.0 = Release|Any CPU
	EndGlobalSection
	GlobalSection(SolutionProperties) = preSolution
		HideSolutionNode = FALSE
	EndGlobalSection
	GlobalSection(ExtensibilityGlobals) = postSolution
		SolutionGuid = {7C76C615-F20B-41C2-9E18-181B388716F7}
	EndGlobalSection
EndGlobal
